
Microsoft Visual Studio Solution File, Format Version 12.00
# Visual Studio Version 16
VisualStudioVersion = 16.0.31410.357
MinimumVisualStudioVersion = 10.0.40219.1
Project("{2150E333-8FDC-42A3-9474-1A3956D46DE8}") = "01. Api.Gateways", "01. Api.Gateways", "{121916BB-85C0-47FA-ADE2-40DC836A035D}"
EndProject
Project("{2150E333-8FDC-42A3-9474-1A3956D46DE8}") = "02. Services", "02. Services", "{C227AFE5-9DD9-4501-B4B8-D464AB67C5D8}"
EndProject
Project("{2150E333-8FDC-42A3-9474-1A3956D46DE8}") = "01. Identity", "01. Identity", "{C9B64437-B0B6-4324-8D2D-C9B8293E4372}"
EndProject
Project("{2150E333-8FDC-42A3-9474-1A3956D46DE8}") = "02. Problem", "02. Problem", "{FB9D210A-FAC3-4CA0-9672-0A27FFADB76F}"
EndProject
Project("{2150E333-8FDC-42A3-9474-1A3956D46DE8}") = "03. Help", "03. Help", "{EB80C42A-17EC-4FFB-9E41-17C9E90D8BB2}"
EndProject
Project("{2150E333-8FDC-42A3-9474-1A3956D46DE8}") = "01. Api", "01. Api", "{C59BBFB9-D082-410B-BA54-FF4E8B5EEF1B}"
EndProject
Project("{9A19103F-16F7-4668-BE54-9A1E7A4F7556}") = "Problem.Api", "Problem\Problem.Api\Problem.Api.csproj", "{79B8FDB4-05A6-44BA-9463-129488ECA5B0}"
EndProject
Project("{2150E333-8FDC-42A3-9474-1A3956D46DE8}") = "01. Api", "01. Api", "{BFACD408-B9BA-4BA1-B419-7AEC87035DDA}"
EndProject
Project("{9A19103F-16F7-4668-BE54-9A1E7A4F7556}") = "Help.Api", "Help\Help.Api\Help.Api.csproj", "{3763CDC0-26F1-411F-A467-67989EA60712}"
EndProject
Project("{2150E333-8FDC-42A3-9474-1A3956D46DE8}") = "02. Services", "02. Services", "{3BC75CC4-3FA9-4C2C-AF54-23E71F567184}"
EndProject
Project("{2150E333-8FDC-42A3-9474-1A3956D46DE8}") = "03. Persistence", "03. Persistence", "{A03559D1-C9CB-473E-BEC3-C30AA2946186}"
EndProject
Project("{2150E333-8FDC-42A3-9474-1A3956D46DE8}") = "04. Models", "04. Models", "{29DD6180-D459-4742-AC03-B3CB26BE40B3}"
EndProject
Project("{2150E333-8FDC-42A3-9474-1A3956D46DE8}") = "05. Testing", "05. Testing", "{5FB17F24-70D5-4442-8FB1-F0FEE0E49D9D}"
EndProject
Project("{2150E333-8FDC-42A3-9474-1A3956D46DE8}") = "02. Services", "02. Services", "{C83C3DE0-2BF1-486B-9F08-39CA550BFF27}"
EndProject
Project("{2150E333-8FDC-42A3-9474-1A3956D46DE8}") = "03. Persistence", "03. Persistence", "{3E91AFC2-9A4F-4614-972D-89DAF41D30E3}"
EndProject
Project("{2150E333-8FDC-42A3-9474-1A3956D46DE8}") = "04. Models", "04. Models", "{4EE8B953-F50D-4396-A202-5CEBF481BDDD}"
EndProject
Project("{2150E333-8FDC-42A3-9474-1A3956D46DE8}") = "05. Testing", "05. Testing", "{8A43B279-D30F-45E6-80F9-FE0F025087FC}"
EndProject
Project("{2150E333-8FDC-42A3-9474-1A3956D46DE8}") = "03. Common", "03. Common", "{9B81451D-3A14-4780-BEC7-D50724AD8ACE}"
EndProject
Project("{FAE04EC0-301F-11D3-BF4B-00C04F79EFBC}") = "Help.Persistence.Database", "Help\Help.Persistence.Database\Help.Persistence.Database.csproj", "{3547C1A1-E499-41FE-8E54-F3E9269F4B15}"
EndProject
Project("{FAE04EC0-301F-11D3-BF4B-00C04F79EFBC}") = "Common.Collection", "..\Common\Common.Collection\Common.Collection.csproj", "{A7A3D922-5BFF-4217-A533-3FC7DC4F870F}"
EndProject
Project("{9A19103F-16F7-4668-BE54-9A1E7A4F7556}") = "Help.Domain", "Help\Help.Domain\Help.Domain.csproj", "{DFDC0AAC-CA33-4FB8-B7D9-7DE6CB119893}"
EndProject
Project("{9A19103F-16F7-4668-BE54-9A1E7A4F7556}") = "Help.Services.Repository", "Help\Help.Services.Repository\Help.Services.Repository.csproj", "{65FAE9D0-F1F8-4CE0-B8DD-3E80E27DF65C}"
EndProject
Project("{FAE04EC0-301F-11D3-BF4B-00C04F79EFBC}") = "Common.Paging", "..\Common\Common.Paging\Common.Paging.csproj", "{03872DD2-28C8-40ED-929E-3057C7F24DD9}"
EndProject
Project("{FAE04EC0-301F-11D3-BF4B-00C04F79EFBC}") = "Common.Responses", "..\Common\Common.Responses\Common.Responses.csproj", "{65129B04-3261-4FE5-93BE-9698173FDAD0}"
EndProject
Global
	GlobalSection(SolutionConfigurationPlatforms) = preSolution
		Debug|Any CPU = Debug|Any CPU
		Release|Any CPU = Release|Any CPU
	EndGlobalSection
	GlobalSection(ProjectConfigurationPlatforms) = postSolution
		{79B8FDB4-05A6-44BA-9463-129488ECA5B0}.Debug|Any CPU.ActiveCfg = Debug|Any CPU
		{79B8FDB4-05A6-44BA-9463-129488ECA5B0}.Debug|Any CPU.Build.0 = Debug|Any CPU
		{79B8FDB4-05A6-44BA-9463-129488ECA5B0}.Release|Any CPU.ActiveCfg = Release|Any CPU
		{79B8FDB4-05A6-44BA-9463-129488ECA5B0}.Release|Any CPU.Build.0 = Release|Any CPU
		{3763CDC0-26F1-411F-A467-67989EA60712}.Debug|Any CPU.ActiveCfg = Debug|Any CPU
		{3763CDC0-26F1-411F-A467-67989EA60712}.Debug|Any CPU.Build.0 = Debug|Any CPU
		{3763CDC0-26F1-411F-A467-67989EA60712}.Release|Any CPU.ActiveCfg = Release|Any CPU
		{3763CDC0-26F1-411F-A467-67989EA60712}.Release|Any CPU.Build.0 = Release|Any CPU
		{3547C1A1-E499-41FE-8E54-F3E9269F4B15}.Debug|Any CPU.ActiveCfg = Debug|Any CPU
		{3547C1A1-E499-41FE-8E54-F3E9269F4B15}.Debug|Any CPU.Build.0 = Debug|Any CPU
		{3547C1A1-E499-41FE-8E54-F3E9269F4B15}.Release|Any CPU.ActiveCfg = Release|Any CPU
		{3547C1A1-E499-41FE-8E54-F3E9269F4B15}.Release|Any CPU.Build.0 = Release|Any CPU
		{A7A3D922-5BFF-4217-A533-3FC7DC4F870F}.Debug|Any CPU.ActiveCfg = Debug|Any CPU
		{A7A3D922-5BFF-4217-A533-3FC7DC4F870F}.Debug|Any CPU.Build.0 = Debug|Any CPU
		{A7A3D922-5BFF-4217-A533-3FC7DC4F870F}.Release|Any CPU.ActiveCfg = Release|Any CPU
		{A7A3D922-5BFF-4217-A533-3FC7DC4F870F}.Release|Any CPU.Build.0 = Release|Any CPU
		{DFDC0AAC-CA33-4FB8-B7D9-7DE6CB119893}.Debug|Any CPU.ActiveCfg = Debug|Any CPU
		{DFDC0AAC-CA33-4FB8-B7D9-7DE6CB119893}.Debug|Any CPU.Build.0 = Debug|Any CPU
		{DFDC0AAC-CA33-4FB8-B7D9-7DE6CB119893}.Release|Any CPU.ActiveCfg = Release|Any CPU
		{DFDC0AAC-CA33-4FB8-B7D9-7DE6CB119893}.Release|Any CPU.Build.0 = Release|Any CPU
		{65FAE9D0-F1F8-4CE0-B8DD-3E80E27DF65C}.Debug|Any CPU.ActiveCfg = Debug|Any CPU
		{65FAE9D0-F1F8-4CE0-B8DD-3E80E27DF65C}.Debug|Any CPU.Build.0 = Debug|Any CPU
		{65FAE9D0-F1F8-4CE0-B8DD-3E80E27DF65C}.Release|Any CPU.ActiveCfg = Release|Any CPU
		{65FAE9D0-F1F8-4CE0-B8DD-3E80E27DF65C}.Release|Any CPU.Build.0 = Release|Any CPU
		{03872DD2-28C8-40ED-929E-3057C7F24DD9}.Debug|Any CPU.ActiveCfg = Debug|Any CPU
		{03872DD2-28C8-40ED-929E-3057C7F24DD9}.Debug|Any CPU.Build.0 = Debug|Any CPU
		{03872DD2-28C8-40ED-929E-3057C7F24DD9}.Release|Any CPU.ActiveCfg = Release|Any CPU
		{03872DD2-28C8-40ED-929E-3057C7F24DD9}.Release|Any CPU.Build.0 = Release|Any CPU
		{65129B04-3261-4FE5-93BE-9698173FDAD0}.Debug|Any CPU.ActiveCfg = Debug|Any CPU
		{65129B04-3261-4FE5-93BE-9698173FDAD0}.Debug|Any CPU.Build.0 = Debug|Any CPU
		{65129B04-3261-4FE5-93BE-9698173FDAD0}.Release|Any CPU.ActiveCfg = Release|Any CPU
		{65129B04-3261-4FE5-93BE-9698173FDAD0}.Release|Any CPU.Build.0 = Release|Any CPU
	EndGlobalSection
	GlobalSection(SolutionProperties) = preSolution
		HideSolutionNode = FALSE
	EndGlobalSection
	GlobalSection(NestedProjects) = preSolution
		{C9B64437-B0B6-4324-8D2D-C9B8293E4372} = {C227AFE5-9DD9-4501-B4B8-D464AB67C5D8}
		{FB9D210A-FAC3-4CA0-9672-0A27FFADB76F} = {C227AFE5-9DD9-4501-B4B8-D464AB67C5D8}
		{EB80C42A-17EC-4FFB-9E41-17C9E90D8BB2} = {C227AFE5-9DD9-4501-B4B8-D464AB67C5D8}
		{C59BBFB9-D082-410B-BA54-FF4E8B5EEF1B} = {FB9D210A-FAC3-4CA0-9672-0A27FFADB76F}
		{79B8FDB4-05A6-44BA-9463-129488ECA5B0} = {C59BBFB9-D082-410B-BA54-FF4E8B5EEF1B}
		{BFACD408-B9BA-4BA1-B419-7AEC87035DDA} = {EB80C42A-17EC-4FFB-9E41-17C9E90D8BB2}
		{3763CDC0-26F1-411F-A467-67989EA60712} = {BFACD408-B9BA-4BA1-B419-7AEC87035DDA}
		{3BC75CC4-3FA9-4C2C-AF54-23E71F567184} = {FB9D210A-FAC3-4CA0-9672-0A27FFADB76F}
		{A03559D1-C9CB-473E-BEC3-C30AA2946186} = {FB9D210A-FAC3-4CA0-9672-0A27FFADB76F}
		{29DD6180-D459-4742-AC03-B3CB26BE40B3} = {FB9D210A-FAC3-4CA0-9672-0A27FFADB76F}
		{5FB17F24-70D5-4442-8FB1-F0FEE0E49D9D} = {FB9D210A-FAC3-4CA0-9672-0A27FFADB76F}
		{C83C3DE0-2BF1-486B-9F08-39CA550BFF27} = {EB80C42A-17EC-4FFB-9E41-17C9E90D8BB2}
		{3E91AFC2-9A4F-4614-972D-89DAF41D30E3} = {EB80C42A-17EC-4FFB-9E41-17C9E90D8BB2}
		{4EE8B953-F50D-4396-A202-5CEBF481BDDD} = {EB80C42A-17EC-4FFB-9E41-17C9E90D8BB2}
		{8A43B279-D30F-45E6-80F9-FE0F025087FC} = {EB80C42A-17EC-4FFB-9E41-17C9E90D8BB2}
		{3547C1A1-E499-41FE-8E54-F3E9269F4B15} = {3E91AFC2-9A4F-4614-972D-89DAF41D30E3}
		{A7A3D922-5BFF-4217-A533-3FC7DC4F870F} = {9B81451D-3A14-4780-BEC7-D50724AD8ACE}
		{DFDC0AAC-CA33-4FB8-B7D9-7DE6CB119893} = {4EE8B953-F50D-4396-A202-5CEBF481BDDD}
		{65FAE9D0-F1F8-4CE0-B8DD-3E80E27DF65C} = {C83C3DE0-2BF1-486B-9F08-39CA550BFF27}
		{03872DD2-28C8-40ED-929E-3057C7F24DD9} = {9B81451D-3A14-4780-BEC7-D50724AD8ACE}
		{65129B04-3261-4FE5-93BE-9698173FDAD0} = {9B81451D-3A14-4780-BEC7-D50724AD8ACE}
	EndGlobalSection
	GlobalSection(ExtensibilityGlobals) = postSolution
		SolutionGuid = {42D0AAFE-C65F-438F-85AB-9F31D530F11D}
	EndGlobalSection
EndGlobal
