
Microsoft Visual Studio Solution File, Format Version 12.00
# Visual Studio Version 16
VisualStudioVersion = 16.0.31410.357
MinimumVisualStudioVersion = 10.0.40219.1
Project("{2150E333-8FDC-42A3-9474-1A3956D46DE8}") = "01. Api.Gateways", "01. Api.Gateways", "{121916BB-85C0-47FA-ADE2-40DC836A035D}"
EndProject
Project("{2150E333-8FDC-42A3-9474-1A3956D46DE8}") = "02. Services", "02. Services", "{C227AFE5-9DD9-4501-B4B8-D464AB67C5D8}"
EndProject
Project("{2150E333-8FDC-42A3-9474-1A3956D46DE8}") = "01. Identity", "01. Identity", "{C9B64437-B0B6-4324-8D2D-C9B8293E4372}"
EndProject
Project("{2150E333-8FDC-42A3-9474-1A3956D46DE8}") = "02. Problem", "02. Problem", "{FB9D210A-FAC3-4CA0-9672-0A27FFADB76F}"
EndProject
Project("{2150E333-8FDC-42A3-9474-1A3956D46DE8}") = "03. Help", "03. Help", "{EB80C42A-17EC-4FFB-9E41-17C9E90D8BB2}"
EndProject
Project("{2150E333-8FDC-42A3-9474-1A3956D46DE8}") = "01. Api", "01. Api", "{C59BBFB9-D082-410B-BA54-FF4E8B5EEF1B}"
EndProject
Project("{2150E333-8FDC-42A3-9474-1A3956D46DE8}") = "01. Api", "01. Api", "{BFACD408-B9BA-4BA1-B419-7AEC87035DDA}"
EndProject
Project("{2150E333-8FDC-42A3-9474-1A3956D46DE8}") = "02. Services", "02. Services", "{3BC75CC4-3FA9-4C2C-AF54-23E71F567184}"
EndProject
Project("{2150E333-8FDC-42A3-9474-1A3956D46DE8}") = "03. Persistence", "03. Persistence", "{A03559D1-C9CB-473E-BEC3-C30AA2946186}"
EndProject
Project("{2150E333-8FDC-42A3-9474-1A3956D46DE8}") = "04. Models", "04. Models", "{29DD6180-D459-4742-AC03-B3CB26BE40B3}"
EndProject
Project("{2150E333-8FDC-42A3-9474-1A3956D46DE8}") = "05. Testing", "05. Testing", "{5FB17F24-70D5-4442-8FB1-F0FEE0E49D9D}"
EndProject
Project("{2150E333-8FDC-42A3-9474-1A3956D46DE8}") = "02. Services", "02. Services", "{C83C3DE0-2BF1-486B-9F08-39CA550BFF27}"
EndProject
Project("{2150E333-8FDC-42A3-9474-1A3956D46DE8}") = "03. Persistence", "03. Persistence", "{3E91AFC2-9A4F-4614-972D-89DAF41D30E3}"
EndProject
Project("{2150E333-8FDC-42A3-9474-1A3956D46DE8}") = "04. Models", "04. Models", "{4EE8B953-F50D-4396-A202-5CEBF481BDDD}"
EndProject
Project("{2150E333-8FDC-42A3-9474-1A3956D46DE8}") = "05. Testing", "05. Testing", "{8A43B279-D30F-45E6-80F9-FE0F025087FC}"
EndProject
Project("{2150E333-8FDC-42A3-9474-1A3956D46DE8}") = "03. Common", "03. Common", "{46A99027-259B-41C6-9C1E-0E332440ABD5}"
EndProject
Project("{9A19103F-16F7-4668-BE54-9A1E7A4F7556}") = "Common.Collection", "Common\Common.Collection\Common.Collection.csproj", "{1481DDD6-F978-43B9-A7DC-DE0A6C539B63}"
EndProject
Project("{9A19103F-16F7-4668-BE54-9A1E7A4F7556}") = "Common.Paging", "Common\Common.Paging\Common.Paging.csproj", "{0E23401C-A436-4DBA-8E38-FFCBC7C01122}"
EndProject
Project("{9A19103F-16F7-4668-BE54-9A1E7A4F7556}") = "Common.Responses", "Common\Common.Responses\Common.Responses.csproj", "{37B2CD29-0941-478B-8291-C365805F11C2}"
EndProject
Project("{9A19103F-16F7-4668-BE54-9A1E7A4F7556}") = "Problem.Api", "Services\Problem\Problem.Api\Problem.Api.csproj", "{9390216D-28FD-46B7-B282-A8CDA8861815}"
EndProject
Project("{9A19103F-16F7-4668-BE54-9A1E7A4F7556}") = "Help.Api", "Services\Help\Help.Api\Help.Api.csproj", "{D510D2A3-E2CD-4111-856B-2F1535D3BF42}"
EndProject
Project("{9A19103F-16F7-4668-BE54-9A1E7A4F7556}") = "Help.Services.Repository", "Services\Help\Help.Services.Repository\Help.Services.Repository.csproj", "{9267250B-934D-4789-AF3B-1570F468A02E}"
EndProject
Project("{9A19103F-16F7-4668-BE54-9A1E7A4F7556}") = "Help.Persistence.Database", "Services\Help\Help.Persistence.Database\Help.Persistence.Database.csproj", "{0E821870-8B73-4AA0-B15C-A7149F4B20B5}"
EndProject
Project("{9A19103F-16F7-4668-BE54-9A1E7A4F7556}") = "Help.Domain", "Services\Help\Help.Domain\Help.Domain.csproj", "{34FD18DD-0717-4344-AA17-33B1BFB2ABB4}"
EndProject
Project("{9A19103F-16F7-4668-BE54-9A1E7A4F7556}") = "Problem.Services.Repository", "Services\Problem\Problem.Services.Repository\Problem.Services.Repository.csproj", "{0D716A6F-23C7-4C35-A9CC-98DDC5763739}"
EndProject
Project("{9A19103F-16F7-4668-BE54-9A1E7A4F7556}") = "Problem.Domain", "Services\Problem\Problem.Domain\Problem.Domain.csproj", "{93B77356-6FDD-4E72-824A-9238A14A1894}"
EndProject
Project("{9A19103F-16F7-4668-BE54-9A1E7A4F7556}") = "Problem.Persistance.Database", "Services\Problem\Problem.Persistance.Database\Problem.Persistance.Database.csproj", "{7A03CB80-961E-464E-8E13-506B8500A0C2}"
EndProject
Project("{2150E333-8FDC-42A3-9474-1A3956D46DE8}") = "APIs", "APIs", "{ADC8236C-25BF-4299-8BF0-268D788CBBF1}"
EndProject
Project("{9A19103F-16F7-4668-BE54-9A1E7A4F7556}") = "Api.Gateway.WebClient", "Gateways\Api.Gateway.WebClient\Api.Gateway.WebClient.csproj", "{2B95A2A5-B526-48FD-822D-7E748BCC2F6B}"
EndProject
Project("{9A19103F-16F7-4668-BE54-9A1E7A4F7556}") = "Api.Gateway.Proxies", "Gateways\Api.Gateway.Proxies\Api.Gateway.Proxies.csproj", "{CDAF3C0D-E554-4DFE-A70F-2F34A4FEDBBF}"
EndProject
Project("{2150E333-8FDC-42A3-9474-1A3956D46DE8}") = "01. Api", "01. Api", "{AD234EDC-7F7F-49E1-9682-56F9B7E6E4F6}"
EndProject
Project("{2150E333-8FDC-42A3-9474-1A3956D46DE8}") = "02. Services", "02. Services", "{30D9517D-448A-4C40-B0DE-917C3BEC7956}"
EndProject
Project("{2150E333-8FDC-42A3-9474-1A3956D46DE8}") = "03. Persistence", "03. Persistence", "{344C5E08-969E-421C-838F-430DA562DB01}"
EndProject
Project("{2150E333-8FDC-42A3-9474-1A3956D46DE8}") = "04. Models", "04. Models", "{2CF4D0AF-AFAB-42C6-B76D-DACB5577A4F7}"
EndProject
Project("{2150E333-8FDC-42A3-9474-1A3956D46DE8}") = "05. Testing", "05. Testing", "{AB96E096-4B53-4D3E-A617-020A6D5D3F1A}"
EndProject
Project("{9A19103F-16F7-4668-BE54-9A1E7A4F7556}") = "Identity.Api", "Services\Identity\Identity.Api\Identity.Api.csproj", "{C4EB170D-E485-4B3F-88C0-94CE47E339E2}"
EndProject
Project("{FAE04EC0-301F-11D3-BF4B-00C04F79EFBC}") = "Identity.Domain", "Services\Identity\Identity.Domain\Identity.Domain.csproj", "{BF5133AC-4292-44E3-9692-842F1CFB1CD5}"
EndProject
Project("{FAE04EC0-301F-11D3-BF4B-00C04F79EFBC}") = "Identity.Persistece.Database", "Services\Identity\Identity.Persistece.Database\Identity.Persistece.Database.csproj", "{DD568C98-4F78-4D8E-8B5D-56CDD0CADE39}"
EndProject
Project("{FAE04EC0-301F-11D3-BF4B-00C04F79EFBC}") = "Identity.Services.Repository", "Services\Identity\Identity.Services.Repository\Identity.Services.Repository.csproj", "{7A9457E0-CF39-4D53-AC3C-B0BD6F4B2EF4}"
EndProject
Global
	GlobalSection(SolutionConfigurationPlatforms) = preSolution
		Debug|Any CPU = Debug|Any CPU
		Release|Any CPU = Release|Any CPU
	EndGlobalSection
	GlobalSection(ProjectConfigurationPlatforms) = postSolution
		{1481DDD6-F978-43B9-A7DC-DE0A6C539B63}.Debug|Any CPU.ActiveCfg = Debug|Any CPU
		{1481DDD6-F978-43B9-A7DC-DE0A6C539B63}.Debug|Any CPU.Build.0 = Debug|Any CPU
		{1481DDD6-F978-43B9-A7DC-DE0A6C539B63}.Release|Any CPU.ActiveCfg = Release|Any CPU
		{1481DDD6-F978-43B9-A7DC-DE0A6C539B63}.Release|Any CPU.Build.0 = Release|Any CPU
		{0E23401C-A436-4DBA-8E38-FFCBC7C01122}.Debug|Any CPU.ActiveCfg = Debug|Any CPU
		{0E23401C-A436-4DBA-8E38-FFCBC7C01122}.Debug|Any CPU.Build.0 = Debug|Any CPU
		{0E23401C-A436-4DBA-8E38-FFCBC7C01122}.Release|Any CPU.ActiveCfg = Release|Any CPU
		{0E23401C-A436-4DBA-8E38-FFCBC7C01122}.Release|Any CPU.Build.0 = Release|Any CPU
		{37B2CD29-0941-478B-8291-C365805F11C2}.Debug|Any CPU.ActiveCfg = Debug|Any CPU
		{37B2CD29-0941-478B-8291-C365805F11C2}.Debug|Any CPU.Build.0 = Debug|Any CPU
		{37B2CD29-0941-478B-8291-C365805F11C2}.Release|Any CPU.ActiveCfg = Release|Any CPU
		{37B2CD29-0941-478B-8291-C365805F11C2}.Release|Any CPU.Build.0 = Release|Any CPU
		{9390216D-28FD-46B7-B282-A8CDA8861815}.Debug|Any CPU.ActiveCfg = Debug|Any CPU
		{9390216D-28FD-46B7-B282-A8CDA8861815}.Debug|Any CPU.Build.0 = Debug|Any CPU
		{9390216D-28FD-46B7-B282-A8CDA8861815}.Release|Any CPU.ActiveCfg = Release|Any CPU
		{9390216D-28FD-46B7-B282-A8CDA8861815}.Release|Any CPU.Build.0 = Release|Any CPU
		{D510D2A3-E2CD-4111-856B-2F1535D3BF42}.Debug|Any CPU.ActiveCfg = Debug|Any CPU
		{D510D2A3-E2CD-4111-856B-2F1535D3BF42}.Debug|Any CPU.Build.0 = Debug|Any CPU
		{D510D2A3-E2CD-4111-856B-2F1535D3BF42}.Release|Any CPU.ActiveCfg = Release|Any CPU
		{D510D2A3-E2CD-4111-856B-2F1535D3BF42}.Release|Any CPU.Build.0 = Release|Any CPU
		{9267250B-934D-4789-AF3B-1570F468A02E}.Debug|Any CPU.ActiveCfg = Debug|Any CPU
		{9267250B-934D-4789-AF3B-1570F468A02E}.Debug|Any CPU.Build.0 = Debug|Any CPU
		{9267250B-934D-4789-AF3B-1570F468A02E}.Release|Any CPU.ActiveCfg = Release|Any CPU
		{9267250B-934D-4789-AF3B-1570F468A02E}.Release|Any CPU.Build.0 = Release|Any CPU
		{0E821870-8B73-4AA0-B15C-A7149F4B20B5}.Debug|Any CPU.ActiveCfg = Debug|Any CPU
		{0E821870-8B73-4AA0-B15C-A7149F4B20B5}.Debug|Any CPU.Build.0 = Debug|Any CPU
		{0E821870-8B73-4AA0-B15C-A7149F4B20B5}.Release|Any CPU.ActiveCfg = Release|Any CPU
		{0E821870-8B73-4AA0-B15C-A7149F4B20B5}.Release|Any CPU.Build.0 = Release|Any CPU
		{34FD18DD-0717-4344-AA17-33B1BFB2ABB4}.Debug|Any CPU.ActiveCfg = Debug|Any CPU
		{34FD18DD-0717-4344-AA17-33B1BFB2ABB4}.Debug|Any CPU.Build.0 = Debug|Any CPU
		{34FD18DD-0717-4344-AA17-33B1BFB2ABB4}.Release|Any CPU.ActiveCfg = Release|Any CPU
		{34FD18DD-0717-4344-AA17-33B1BFB2ABB4}.Release|Any CPU.Build.0 = Release|Any CPU
		{0D716A6F-23C7-4C35-A9CC-98DDC5763739}.Debug|Any CPU.ActiveCfg = Debug|Any CPU
		{0D716A6F-23C7-4C35-A9CC-98DDC5763739}.Debug|Any CPU.Build.0 = Debug|Any CPU
		{0D716A6F-23C7-4C35-A9CC-98DDC5763739}.Release|Any CPU.ActiveCfg = Release|Any CPU
		{0D716A6F-23C7-4C35-A9CC-98DDC5763739}.Release|Any CPU.Build.0 = Release|Any CPU
		{93B77356-6FDD-4E72-824A-9238A14A1894}.Debug|Any CPU.ActiveCfg = Debug|Any CPU
		{93B77356-6FDD-4E72-824A-9238A14A1894}.Debug|Any CPU.Build.0 = Debug|Any CPU
		{93B77356-6FDD-4E72-824A-9238A14A1894}.Release|Any CPU.ActiveCfg = Release|Any CPU
		{93B77356-6FDD-4E72-824A-9238A14A1894}.Release|Any CPU.Build.0 = Release|Any CPU
		{7A03CB80-961E-464E-8E13-506B8500A0C2}.Debug|Any CPU.ActiveCfg = Debug|Any CPU
		{7A03CB80-961E-464E-8E13-506B8500A0C2}.Debug|Any CPU.Build.0 = Debug|Any CPU
		{7A03CB80-961E-464E-8E13-506B8500A0C2}.Release|Any CPU.ActiveCfg = Release|Any CPU
		{7A03CB80-961E-464E-8E13-506B8500A0C2}.Release|Any CPU.Build.0 = Release|Any CPU
		{2B95A2A5-B526-48FD-822D-7E748BCC2F6B}.Debug|Any CPU.ActiveCfg = Debug|Any CPU
		{2B95A2A5-B526-48FD-822D-7E748BCC2F6B}.Debug|Any CPU.Build.0 = Debug|Any CPU
		{2B95A2A5-B526-48FD-822D-7E748BCC2F6B}.Release|Any CPU.ActiveCfg = Release|Any CPU
		{2B95A2A5-B526-48FD-822D-7E748BCC2F6B}.Release|Any CPU.Build.0 = Release|Any CPU
		{CDAF3C0D-E554-4DFE-A70F-2F34A4FEDBBF}.Debug|Any CPU.ActiveCfg = Debug|Any CPU
		{CDAF3C0D-E554-4DFE-A70F-2F34A4FEDBBF}.Debug|Any CPU.Build.0 = Debug|Any CPU
		{CDAF3C0D-E554-4DFE-A70F-2F34A4FEDBBF}.Release|Any CPU.ActiveCfg = Release|Any CPU
		{CDAF3C0D-E554-4DFE-A70F-2F34A4FEDBBF}.Release|Any CPU.Build.0 = Release|Any CPU
		{C4EB170D-E485-4B3F-88C0-94CE47E339E2}.Debug|Any CPU.ActiveCfg = Debug|Any CPU
		{C4EB170D-E485-4B3F-88C0-94CE47E339E2}.Debug|Any CPU.Build.0 = Debug|Any CPU
		{C4EB170D-E485-4B3F-88C0-94CE47E339E2}.Release|Any CPU.ActiveCfg = Release|Any CPU
		{C4EB170D-E485-4B3F-88C0-94CE47E339E2}.Release|Any CPU.Build.0 = Release|Any CPU
		{BF5133AC-4292-44E3-9692-842F1CFB1CD5}.Debug|Any CPU.ActiveCfg = Debug|Any CPU
		{BF5133AC-4292-44E3-9692-842F1CFB1CD5}.Debug|Any CPU.Build.0 = Debug|Any CPU
		{BF5133AC-4292-44E3-9692-842F1CFB1CD5}.Release|Any CPU.ActiveCfg = Release|Any CPU
		{BF5133AC-4292-44E3-9692-842F1CFB1CD5}.Release|Any CPU.Build.0 = Release|Any CPU
		{DD568C98-4F78-4D8E-8B5D-56CDD0CADE39}.Debug|Any CPU.ActiveCfg = Debug|Any CPU
		{DD568C98-4F78-4D8E-8B5D-56CDD0CADE39}.Debug|Any CPU.Build.0 = Debug|Any CPU
		{DD568C98-4F78-4D8E-8B5D-56CDD0CADE39}.Release|Any CPU.ActiveCfg = Release|Any CPU
		{DD568C98-4F78-4D8E-8B5D-56CDD0CADE39}.Release|Any CPU.Build.0 = Release|Any CPU
		{7A9457E0-CF39-4D53-AC3C-B0BD6F4B2EF4}.Debug|Any CPU.ActiveCfg = Debug|Any CPU
		{7A9457E0-CF39-4D53-AC3C-B0BD6F4B2EF4}.Debug|Any CPU.Build.0 = Debug|Any CPU
		{7A9457E0-CF39-4D53-AC3C-B0BD6F4B2EF4}.Release|Any CPU.ActiveCfg = Release|Any CPU
		{7A9457E0-CF39-4D53-AC3C-B0BD6F4B2EF4}.Release|Any CPU.Build.0 = Release|Any CPU
	EndGlobalSection
	GlobalSection(SolutionProperties) = preSolution
		HideSolutionNode = FALSE
	EndGlobalSection
	GlobalSection(NestedProjects) = preSolution
		{C9B64437-B0B6-4324-8D2D-C9B8293E4372} = {C227AFE5-9DD9-4501-B4B8-D464AB67C5D8}
		{FB9D210A-FAC3-4CA0-9672-0A27FFADB76F} = {C227AFE5-9DD9-4501-B4B8-D464AB67C5D8}
		{EB80C42A-17EC-4FFB-9E41-17C9E90D8BB2} = {C227AFE5-9DD9-4501-B4B8-D464AB67C5D8}
		{C59BBFB9-D082-410B-BA54-FF4E8B5EEF1B} = {FB9D210A-FAC3-4CA0-9672-0A27FFADB76F}
		{BFACD408-B9BA-4BA1-B419-7AEC87035DDA} = {EB80C42A-17EC-4FFB-9E41-17C9E90D8BB2}
		{3BC75CC4-3FA9-4C2C-AF54-23E71F567184} = {FB9D210A-FAC3-4CA0-9672-0A27FFADB76F}
		{A03559D1-C9CB-473E-BEC3-C30AA2946186} = {FB9D210A-FAC3-4CA0-9672-0A27FFADB76F}
		{29DD6180-D459-4742-AC03-B3CB26BE40B3} = {FB9D210A-FAC3-4CA0-9672-0A27FFADB76F}
		{5FB17F24-70D5-4442-8FB1-F0FEE0E49D9D} = {FB9D210A-FAC3-4CA0-9672-0A27FFADB76F}
		{C83C3DE0-2BF1-486B-9F08-39CA550BFF27} = {EB80C42A-17EC-4FFB-9E41-17C9E90D8BB2}
		{3E91AFC2-9A4F-4614-972D-89DAF41D30E3} = {EB80C42A-17EC-4FFB-9E41-17C9E90D8BB2}
		{4EE8B953-F50D-4396-A202-5CEBF481BDDD} = {EB80C42A-17EC-4FFB-9E41-17C9E90D8BB2}
		{8A43B279-D30F-45E6-80F9-FE0F025087FC} = {EB80C42A-17EC-4FFB-9E41-17C9E90D8BB2}
		{1481DDD6-F978-43B9-A7DC-DE0A6C539B63} = {46A99027-259B-41C6-9C1E-0E332440ABD5}
		{0E23401C-A436-4DBA-8E38-FFCBC7C01122} = {46A99027-259B-41C6-9C1E-0E332440ABD5}
		{37B2CD29-0941-478B-8291-C365805F11C2} = {46A99027-259B-41C6-9C1E-0E332440ABD5}
		{9390216D-28FD-46B7-B282-A8CDA8861815} = {C59BBFB9-D082-410B-BA54-FF4E8B5EEF1B}
		{D510D2A3-E2CD-4111-856B-2F1535D3BF42} = {BFACD408-B9BA-4BA1-B419-7AEC87035DDA}
		{9267250B-934D-4789-AF3B-1570F468A02E} = {C83C3DE0-2BF1-486B-9F08-39CA550BFF27}
		{0E821870-8B73-4AA0-B15C-A7149F4B20B5} = {3E91AFC2-9A4F-4614-972D-89DAF41D30E3}
		{34FD18DD-0717-4344-AA17-33B1BFB2ABB4} = {4EE8B953-F50D-4396-A202-5CEBF481BDDD}
		{0D716A6F-23C7-4C35-A9CC-98DDC5763739} = {3BC75CC4-3FA9-4C2C-AF54-23E71F567184}
		{93B77356-6FDD-4E72-824A-9238A14A1894} = {29DD6180-D459-4742-AC03-B3CB26BE40B3}
		{7A03CB80-961E-464E-8E13-506B8500A0C2} = {A03559D1-C9CB-473E-BEC3-C30AA2946186}
		{ADC8236C-25BF-4299-8BF0-268D788CBBF1} = {121916BB-85C0-47FA-ADE2-40DC836A035D}
		{2B95A2A5-B526-48FD-822D-7E748BCC2F6B} = {ADC8236C-25BF-4299-8BF0-268D788CBBF1}
		{CDAF3C0D-E554-4DFE-A70F-2F34A4FEDBBF} = {121916BB-85C0-47FA-ADE2-40DC836A035D}
		{AD234EDC-7F7F-49E1-9682-56F9B7E6E4F6} = {C9B64437-B0B6-4324-8D2D-C9B8293E4372}
		{30D9517D-448A-4C40-B0DE-917C3BEC7956} = {C9B64437-B0B6-4324-8D2D-C9B8293E4372}
		{344C5E08-969E-421C-838F-430DA562DB01} = {C9B64437-B0B6-4324-8D2D-C9B8293E4372}
		{2CF4D0AF-AFAB-42C6-B76D-DACB5577A4F7} = {C9B64437-B0B6-4324-8D2D-C9B8293E4372}
		{AB96E096-4B53-4D3E-A617-020A6D5D3F1A} = {C9B64437-B0B6-4324-8D2D-C9B8293E4372}
		{C4EB170D-E485-4B3F-88C0-94CE47E339E2} = {AD234EDC-7F7F-49E1-9682-56F9B7E6E4F6}
		{BF5133AC-4292-44E3-9692-842F1CFB1CD5} = {2CF4D0AF-AFAB-42C6-B76D-DACB5577A4F7}
		{DD568C98-4F78-4D8E-8B5D-56CDD0CADE39} = {344C5E08-969E-421C-838F-430DA562DB01}
		{7A9457E0-CF39-4D53-AC3C-B0BD6F4B2EF4} = {30D9517D-448A-4C40-B0DE-917C3BEC7956}
	EndGlobalSection
	GlobalSection(ExtensibilityGlobals) = postSolution
		SolutionGuid = {42D0AAFE-C65F-438F-85AB-9F31D530F11D}
	EndGlobalSection
EndGlobal
