
Microsoft Visual Studio Solution File, Format Version 12.00
# Visual Studio Version 16
VisualStudioVersion = 16.0.31410.357
MinimumVisualStudioVersion = 10.0.40219.1
Project("{FAE04EC0-301F-11D3-BF4B-00C04F79EFBC}") = "Problem.Api", "Problem.Api\Problem.Api.csproj", "{A53555D4-A3BA-4A92-A02B-CC7C94297E59}"
EndProject
Global
	GlobalSection(SolutionConfigurationPlatforms) = preSolution
		Debug|Any CPU = Debug|Any CPU
		Release|Any CPU = Release|Any CPU
	EndGlobalSection
	GlobalSection(ProjectConfigurationPlatforms) = postSolution
		{A53555D4-A3BA-4A92-A02B-CC7C94297E59}.Debug|Any CPU.ActiveCfg = Debug|Any CPU
		{A53555D4-A3BA-4A92-A02B-CC7C94297E59}.Debug|Any CPU.Build.0 = Debug|Any CPU
		{A53555D4-A3BA-4A92-A02B-CC7C94297E59}.Release|Any CPU.ActiveCfg = Release|Any CPU
		{A53555D4-A3BA-4A92-A02B-CC7C94297E59}.Release|Any CPU.Build.0 = Release|Any CPU
	EndGlobalSection
	GlobalSection(SolutionProperties) = preSolution
		HideSolutionNode = FALSE
	EndGlobalSection
	GlobalSection(ExtensibilityGlobals) = postSolution
		SolutionGuid = {5778D8FE-2784-4B4C-A1C9-955912B68293}
	EndGlobalSection
EndGlobal
